{
    "_readme": [
        "This file locks the dependencies of your project to a known state",
        "Read more about it at http://getcomposer.org/doc/01-basic-usage.md#composer-lock-the-lock-file",
        "This file is @generated automatically"
    ],
    "hash": "bf48f71b1a62e73e72331c77ed27e84c",
    "packages": [
        {
            "name": "anahkiasen/underscore-php",
            "version": "dev-master",
            "source": {
                "type": "git",
                "url": "https://github.com/Anahkiasen/underscore-php.git",
                "reference": "f310aea3006d812160f57c04fc8a78062de694a2"
            },
            "dist": {
                "type": "zip",
                "url": "https://api.github.com/repos/Anahkiasen/underscore-php/zipball/f310aea3006d812160f57c04fc8a78062de694a2",
                "reference": "f310aea3006d812160f57c04fc8a78062de694a2",
                "shasum": ""
            },
            "require": {
                "illuminate/support": "~4",
                "patchwork/utf8": "1.1.*",
                "php": ">=5.3.0"
            },
            "type": "library",
            "autoload": {
                "psr-4": {
                    "Underscore\\": [
                        "src",
                        "tests"
                    ]
                }
            },
            "notification-url": "https://packagist.org/downloads/",
            "license": [
                "MIT"
            ],
            "authors": [
                {
                    "name": "Maxime Fabre",
                    "email": "ehtnam6@gmail.com"
                }
            ],
            "description": "A redacted port of Underscore.js for PHP",
            "keywords": [
                "internals",
                "laravel",
                "toolkit"
            ],
            "time": "2014-10-04 13:56:59"
        },
        {
            "name": "illuminate/support",
            "version": "v4.2.9",
            "target-dir": "Illuminate/Support",
            "source": {
                "type": "git",
                "url": "https://github.com/illuminate/support.git",
                "reference": "b6716d34afce6e69523725f2534a5c3a54dba964"
            },
            "dist": {
                "type": "zip",
                "url": "https://api.github.com/repos/illuminate/support/zipball/b6716d34afce6e69523725f2534a5c3a54dba964",
                "reference": "b6716d34afce6e69523725f2534a5c3a54dba964",
                "shasum": ""
            },
            "require": {
                "php": ">=5.4.0"
            },
            "require-dev": {
                "jeremeamia/superclosure": "~1.0",
                "patchwork/utf8": "1.1.*"
            },
            "type": "library",
            "extra": {
                "branch-alias": {
                    "dev-master": "4.2-dev"
                }
            },
            "autoload": {
                "psr-0": {
                    "Illuminate\\Support": ""
                },
                "files": [
                    "Illuminate/Support/helpers.php"
                ]
            },
            "notification-url": "https://packagist.org/downloads/",
            "license": [
                "MIT"
            ],
            "authors": [
                {
                    "name": "Taylor Otwell",
                    "email": "taylorotwell@gmail.com"
                }
            ],
            "time": "2014-09-12 21:42:43"
        },
        {
            "name": "mashape/unirest-php",
            "version": "1.2.1",
            "source": {
                "type": "git",
                "url": "https://github.com/Mashape/unirest-php.git",
                "reference": "ff13801b7bc06a635054b3674a02588bd7d48be5"
            },
            "dist": {
                "type": "zip",
                "url": "https://api.github.com/repos/Mashape/unirest-php/zipball/ff13801b7bc06a635054b3674a02588bd7d48be5",
                "reference": "ff13801b7bc06a635054b3674a02588bd7d48be5",
                "shasum": ""
            },
            "require": {
                "ext-curl": "*",
                "ext-json": "*",
                "php": ">=5.3.0"
            },
            "require-dev": {
                "vierbergenlars/simpletest": "*"
            },
            "type": "library",
            "autoload": {
                "psr-0": {
                    "Unirest": "lib"
                }
            },
            "notification-url": "https://packagist.org/downloads/",
            "license": [
                "MIT"
            ],
            "authors": [
                {
                    "name": "Mashape",
                    "email": "support@mashape.com",
                    "homepage": "http://mashape.com"
                }
            ],
            "description": "Unirest PHP",
            "homepage": "https://github.com/Mashape/unirest-php",
            "keywords": [
                "client",
                "curl",
                "http",
                "rest"
            ],
            "time": "2014-04-05 23:28:21"
        },
        {
            "name": "patchwork/utf8",
            "version": "v1.1.26",
            "source": {
                "type": "git",
                "url": "https://github.com/tchwork/utf8.git",
                "reference": "6b8e46603b49ee87ad6bceb314da94cc04ffcdce"
            },
            "dist": {
                "type": "zip",
                "url": "https://api.github.com/repos/tchwork/utf8/zipball/6b8e46603b49ee87ad6bceb314da94cc04ffcdce",
                "reference": "6b8e46603b49ee87ad6bceb314da94cc04ffcdce",
                "shasum": ""
            },
            "require": {
                "lib-pcre": ">=7.3",
                "php": ">=5.3.0"
            },
            "suggest": {
                "ext-iconv": "Use iconv for best performance",
                "ext-intl": "Use Intl for best performance",
                "ext-mbstring": "Use Mbstring for best performance"
            },
            "type": "library",
            "extra": {
                "branch-alias": {
                    "dev-master": "1.1-dev"
                }
            },
            "autoload": {
                "psr-0": {
                    "Patchwork": "class/",
                    "Normalizer": "class/"
                }
            },
            "notification-url": "https://packagist.org/downloads/",
            "license": [
                "(Apache-2.0 or GPL-2.0)"
            ],
            "authors": [
                {
                    "name": "Nicolas Grekas",
                    "email": "p@tchwork.com"
                }
            ],
            "description": "Portable and performant UTF-8, Unicode and Grapheme Clusters for PHP",
            "homepage": "https://github.com/tchwork/utf8",
            "keywords": [
                "grapheme",
                "i18n",
                "unicode",
                "utf-8",
                "utf8"
            ],
            "time": "2014-11-08 10:13:25"
        },
        {
            "name": "recaptcha/php5",
            "version": "v1.1.0",
            "source": {
                "type": "git",
                "url": "https://github.com/AlekseyKorzun/reCaptcha-PHP-5.git",
                "reference": "a38938e881a1cb3647271f666f13a01b0c1687f3"
            },
            "dist": {
                "type": "zip",
                "url": "https://api.github.com/repos/AlekseyKorzun/reCaptcha-PHP-5/zipball/a38938e881a1cb3647271f666f13a01b0c1687f3",
                "reference": "a38938e881a1cb3647271f666f13a01b0c1687f3",
                "shasum": ""
            },
            "require": {
                "php": ">=5.3.0"
            },
            "type": "library",
            "autoload": {
                "psr-0": {
                    "Captcha": "Package"
                }
            },
            "notification-url": "https://packagist.org/downloads/",
            "license": [
                "BSD"
            ],
            "authors": [
                {
                    "name": "Aleksey Korzun",
                    "email": "al.ko@webfoundation.net",
                    "homepage": "http://www.alekseykorzun.com",
                    "role": "Developer"
                }
            ],
            "description": "A properly coded PHP 5 reCaptcha class that will allow you to interact with Google's reCaptcha API.",
            "homepage": "https://github.com/AlekseyKorzun/reCaptcha-PHP-5",
            "keywords": [
                "api",
                "captcha",
                "google",
                "php",
                "recaptcha"
            ],
            "time": "2014-07-07 17:21:13"
        },
        {
            "name": "sendgrid/sendgrid",
            "version": "2.1.1",
            "source": {
                "type": "git",
                "url": "https://github.com/sendgrid/sendgrid-php.git",
                "reference": "3fba6604d46c584547762c0ececdd98ea78709dd"
            },
            "dist": {
                "type": "zip",
                "url": "https://api.github.com/repos/sendgrid/sendgrid-php/zipball/3fba6604d46c584547762c0ececdd98ea78709dd",
                "reference": "3fba6604d46c584547762c0ececdd98ea78709dd",
                "shasum": ""
            },
            "require": {
                "mashape/unirest-php": "1.2.1",
                "php": ">=5.3",
                "sendgrid/smtpapi": "0.0.1"
            },
            "replace": {
                "sendgrid/sendgrid-php": "*"
            },
            "require-dev": {
                "phpunit/phpunit": "3.7.*",
                "vlucas/phpdotenv": "1.0.2"
            },
            "type": "library",
            "autoload": {
                "psr-0": {
                    "SendGrid": "lib/"
                }
            },
            "notification-url": "https://packagist.org/downloads/",
            "license": [
                "MIT"
            ],
            "description": "This library allows you to quickly and easily send emails through SendGrid using PHP.",
            "homepage": "http://github.com/sendgrid/sendgrid-php",
            "keywords": [
                "email",
                "grid",
                "send",
                "sendgrid"
            ],
            "time": "2014-07-17 17:19:22"
        },
        {
            "name": "sendgrid/smtpapi",
            "version": "0.0.1",
            "source": {
                "type": "git",
                "url": "https://github.com/sendgrid/smtpapi-php.git",
                "reference": "3ff7a7bba3b0483a839fbe26227d3d514a94d55c"
            },
            "dist": {
                "type": "zip",
                "url": "https://api.github.com/repos/sendgrid/smtpapi-php/zipball/3ff7a7bba3b0483a839fbe26227d3d514a94d55c",
                "reference": "3ff7a7bba3b0483a839fbe26227d3d514a94d55c",
                "shasum": ""
            },
            "require": {
                "php": ">=5.3"
            },
            "replace": {
                "sendgrid/smtpapi-php": "*"
            },
            "require-dev": {
                "phpunit/phpunit": "3.7.*"
            },
            "type": "library",
            "autoload": {
                "psr-0": {
                    "Smtpapi": "lib/"
                }
            },
            "notification-url": "https://packagist.org/downloads/",
            "license": [
                "MIT"
            ],
            "description": "Build SendGrid X-SMTPAPI headers in PHP.",
            "homepage": "http://github.com/sendgrid/smtpapi-php",
            "keywords": [
                "X-SMTP",
                "api",
                "email",
                "grid",
                "send",
                "sendgrid",
                "smtp",
                "smtpapi",
                "xsmtp"
            ],
            "time": "2014-01-01 01:37:15"
        }
    ],
    "packages-dev": [],
    "aliases": [],
    "minimum-stability": "stable",
    "stability-flags": {
        "anahkiasen/underscore-php": 20
    },
    "prefer-stable": false,
    "platform": [],
    "platform-dev": []
}
